
Microsoft Visual Studio Solution File, Format Version 12.00
# Visual Studio Version 17
VisualStudioVersion = 17.0.31903.59
MinimumVisualStudioVersion = 10.0.40219.1
Project("{FAE04EC0-301F-11D3-BF4B-00C04F79EFBC}") = "PhoenixVisualizer", "PhoenixVisualizer.App\PhoenixVisualizer.csproj", "{B26C6768-569E-4278-BD36-FB926B1C862B}"
EndProject
Project("{FAE04EC0-301F-11D3-BF4B-00C04F79EFBC}") = "PhoenixVisualizer.Core", "PhoenixVisualizer.Core\PhoenixVisualizer.Core.csproj", "{017A1E00-4209-499C-A2AC-174CE5E4D39F}"
EndProject
Project("{FAE04EC0-301F-11D3-BF4B-00C04F79EFBC}") = "PhoenixVisualizer.Audio", "PhoenixVisualizer.Audio\PhoenixVisualizer.Audio.csproj", "{36E31B92-4CEC-4963-9684-E7C15D0B0282}"
EndProject
Project("{FAE04EC0-301F-11D3-BF4B-00C04F79EFBC}") = "PhoenixVisualizer.Visuals", "PhoenixVisualizer.Visuals\PhoenixVisualizer.Visuals.csproj", "{FCB2349E-8D95-4055-AA42-F6804DAEB723}"
EndProject
Project("{FAE04EC0-301F-11D3-BF4B-00C04F79EFBC}") = "PhoenixVisualizer.PluginHost", "PhoenixVisualizer.PluginHost\PhoenixVisualizer.PluginHost.csproj", "{DE8CFA80-0B31-4440-8ABE-52E8237E3707}"
EndProject
Project("{FAE04EC0-301F-11D3-BF4B-00C04F79EFBC}") = "PhoenixVisualizer.ApeHost", "PhoenixVisualizer.ApeHost\PhoenixVisualizer.ApeHost.csproj", "{B542A8EA-91C9-4FF2-A8F7-A4CC2C24DB0F}"
EndProject
Project("{FAE04EC0-301F-11D3-BF4B-00C04F79EFBC}") = "PhoenixVisualizer.AvsEngine", "PhoenixVisualizer.AvsEngine\PhoenixVisualizer.AvsEngine.csproj", "{7209476C-053D-462A-921C-B831EC147B27}"
EndProject
Project("{FAE04EC0-301F-11D3-BF4B-00C04F79EFBC}") = "PhoenixVisualizer.Plugins.Ape.Phoenix", "PhoenixVisualizer.Plugins.Ape.Phoenix\PhoenixVisualizer.Plugins.Ape.Phoenix.csproj", "{DED38882-0530-4276-A322-2AEDFBA707E3}"
EndProject
Project("{FAE04EC0-301F-11D3-BF4B-00C04F79EFBC}") = "PhoenixVisualizer.Plugins.Avs", "PhoenixVisualizer.Plugins.Avs\PhoenixVisualizer.Plugins.Avs.csproj", "{957492FD-B771-4EAE-BAE9-270932330078}"
EndProject
Project("{FAE04EC0-301F-11D3-BF4B-00C04F79EFBC}") = "PhoenixVisualizer.Plots", "PhoenixVisualizer.Plots\PhoenixVisualizer.Plots.csproj", "{5FF40775-A468-48DB-AA3C-C7391826B8D5}"
EndProject
Project("{FAE04EC0-301F-11D3-BF4B-00C04F79EFBC}") = "PhoenixVisualizer.Editor", "PhoenixVisualizer.Editor\PhoenixVisualizer.Editor.csproj", "{7BCE3585-6AEA-4854-A441-EB6BD940BB6F}"
EndProject
Global
	GlobalSection(SolutionConfigurationPlatforms) = preSolution
		Debug|Any CPU = Debug|Any CPU
		Release|Any CPU = Release|Any CPU
	EndGlobalSection
	GlobalSection(SolutionProperties) = preSolution
		HideSolutionNode = FALSE
	EndGlobalSection
	GlobalSection(ProjectConfigurationPlatforms) = postSolution
		{B26C6768-569E-4278-BD36-FB926B1C862B}.Debug|Any CPU.ActiveCfg = Debug|Any CPU
		{B26C6768-569E-4278-BD36-FB926B1C862B}.Debug|Any CPU.Build.0 = Debug|Any CPU
		{B26C6768-569E-4278-BD36-FB926B1C862B}.Release|Any CPU.ActiveCfg = Release|Any CPU
		{B26C6768-569E-4278-BD36-FB926B1C862B}.Release|Any CPU.Build.0 = Release|Any CPU
		{017A1E00-4209-499C-A2AC-174CE5E4D39F}.Debug|Any CPU.ActiveCfg = Debug|Any CPU
		{017A1E00-4209-499C-A2AC-174CE5E4D39F}.Debug|Any CPU.Build.0 = Debug|Any CPU
		{017A1E00-4209-499C-A2AC-174CE5E4D39F}.Release|Any CPU.ActiveCfg = Release|Any CPU
		{017A1E00-4209-499C-A2AC-174CE5E4D39F}.Release|Any CPU.Build.0 = Release|Any CPU
		{36E31B92-4CEC-4963-9684-E7C15D0B0282}.Debug|Any CPU.ActiveCfg = Debug|Any CPU
		{36E31B92-4CEC-4963-9684-E7C15D0B0282}.Debug|Any CPU.Build.0 = Debug|Any CPU
		{36E31B92-4CEC-4963-9684-E7C15D0B0282}.Release|Any CPU.ActiveCfg = Release|Any CPU
		{36E31B92-4CEC-4963-9684-E7C15D0B0282}.Release|Any CPU.Build.0 = Release|Any CPU
		{FCB2349E-8D95-4055-AA42-F6804DAEB723}.Debug|Any CPU.ActiveCfg = Debug|Any CPU
		{FCB2349E-8D95-4055-AA42-F6804DAEB723}.Debug|Any CPU.Build.0 = Debug|Any CPU
		{FCB2349E-8D95-4055-AA42-F6804DAEB723}.Release|Any CPU.ActiveCfg = Release|Any CPU
		{FCB2349E-8D95-4055-AA42-F6804DAEB723}.Release|Any CPU.Build.0 = Release|Any CPU
		{DE8CFA80-0B31-4440-8ABE-52E8237E3707}.Debug|Any CPU.ActiveCfg = Debug|Any CPU
		{DE8CFA80-0B31-4440-8ABE-52E8237E3707}.Debug|Any CPU.Build.0 = Debug|Any CPU
		{DE8CFA80-0B31-4440-8ABE-52E8237E3707}.Release|Any CPU.ActiveCfg = Release|Any CPU
		{DE8CFA80-0B31-4440-8ABE-52E8237E3707}.Release|Any CPU.Build.0 = Release|Any CPU
		{B542A8EA-91C9-4FF2-A8F7-A4CC2C24DB0F}.Debug|Any CPU.ActiveCfg = Debug|Any CPU
		{B542A8EA-91C9-4FF2-A8F7-A4CC2C24DB0F}.Debug|Any CPU.Build.0 = Debug|Any CPU
		{B542A8EA-91C9-4FF2-A8F7-A4CC2C24DB0F}.Release|Any CPU.ActiveCfg = Release|Any CPU
		{B542A8EA-91C9-4FF2-A8F7-A4CC2C24DB0F}.Release|Any CPU.Build.0 = Release|Any CPU
		{7209476C-053D-462A-921C-B831EC147B27}.Debug|Any CPU.ActiveCfg = Debug|Any CPU
		{7209476C-053D-462A-921C-B831EC147B27}.Debug|Any CPU.Build.0 = Debug|Any CPU
		{7209476C-053D-462A-921C-B831EC147B27}.Release|Any CPU.ActiveCfg = Release|Any CPU
		{7209476C-053D-462A-921C-B831EC147B27}.Release|Any CPU.Build.0 = Release|Any CPU
		{DED38882-0530-4276-A322-2AEDFBA707E3}.Debug|Any CPU.ActiveCfg = Debug|Any CPU
		{DED38882-0530-4276-A322-2AEDFBA707E3}.Debug|Any CPU.Build.0 = Debug|Any CPU
		{DED38882-0530-4276-A322-2AEDFBA707E3}.Release|Any CPU.ActiveCfg = Release|Any CPU
		{DED38882-0530-4276-A322-2AEDFBA707E3}.Release|Any CPU.Build.0 = Release|Any CPU
		{957492FD-B771-4EAE-BAE9-270932330078}.Debug|Any CPU.ActiveCfg = Debug|Any CPU
		{957492FD-B771-4EAE-BAE9-270932330078}.Debug|Any CPU.Build.0 = Debug|Any CPU
		{957492FD-B771-4EAE-BAE9-270932330078}.Release|Any CPU.ActiveCfg = Release|Any CPU
		{957492FD-B771-4EAE-BAE9-270932330078}.Release|Any CPU.Build.0 = Release|Any CPU
		{5FF40775-A468-48DB-AA3C-C7391826B8D5}.Debug|Any CPU.ActiveCfg = Debug|Any CPU
		{5FF40775-A468-48DB-AA3C-C7391826B8D5}.Debug|Any CPU.Build.0 = Debug|Any CPU
		{5FF40775-A468-48DB-AA3C-C7391826B8D5}.Release|Any CPU.ActiveCfg = Release|Any CPU
		{5FF40775-A468-48DB-AA3C-C7391826B8D5}.Release|Any CPU.Build.0 = Release|Any CPU
		{7BCE3585-6AEA-4854-A441-EB6BD940BB6F}.Debug|Any CPU.ActiveCfg = Debug|Any CPU
		{7BCE3585-6AEA-4854-A441-EB6BD940BB6F}.Debug|Any CPU.Build.0 = Debug|Any CPU
		{7BCE3585-6AEA-4854-A441-EB6BD940BB6F}.Release|Any CPU.ActiveCfg = Release|Any CPU
		{7BCE3585-6AEA-4854-A441-EB6BD940BB6F}.Release|Any CPU.Build.0 = Release|Any CPU
	EndGlobalSection
EndGlobal
